
Microsoft Visual Studio Solution File, Format Version 12.00
# Visual Studio Version 17
VisualStudioVersion = 17.0.31903.59
MinimumVisualStudioVersion = 10.0.40219.1
Project("{9A19103F-16F7-4668-BE54-9A1E7A4F7556}") = "WindowResizer", "WindowResizer\WindowResizer.csproj", "{2A9FD1F0-E43F-43F1-ADAA-13DE48F0E688}"
EndProject
Project("{FAE04EC0-301F-11D3-BF4B-00C04F79EFBC}") = "WindowResizer.Library", "WindowResizer.Library\WindowResizer.Library.csproj", "{F5398F6E-2814-4EE6-BD62-7D304230E247}"
EndProject
Global
	GlobalSection(SolutionConfigurationPlatforms) = preSolution
		Debug|Any CPU = Debug|Any CPU
		Release|Any CPU = Release|Any CPU
	EndGlobalSection
	GlobalSection(ProjectConfigurationPlatforms) = postSolution
		{2A9FD1F0-E43F-43F1-ADAA-13DE48F0E688}.Debug|Any CPU.ActiveCfg = Debug|Any CPU
		{2A9FD1F0-E43F-43F1-ADAA-13DE48F0E688}.Debug|Any CPU.Build.0 = Debug|Any CPU
		{2A9FD1F0-E43F-43F1-ADAA-13DE48F0E688}.Release|Any CPU.ActiveCfg = Release|Any CPU
		{2A9FD1F0-E43F-43F1-ADAA-13DE48F0E688}.Release|Any CPU.Build.0 = Release|Any CPU
		{F5398F6E-2814-4EE6-BD62-7D304230E247}.Debug|Any CPU.ActiveCfg = Debug|Any CPU
		{F5398F6E-2814-4EE6-BD62-7D304230E247}.Debug|Any CPU.Build.0 = Debug|Any CPU
		{F5398F6E-2814-4EE6-BD62-7D304230E247}.Release|Any CPU.ActiveCfg = Release|Any CPU
		{F5398F6E-2814-4EE6-BD62-7D304230E247}.Release|Any CPU.Build.0 = Release|Any CPU
	EndGlobalSection
	GlobalSection(SolutionProperties) = preSolution
		HideSolutionNode = FALSE
	EndGlobalSection
	GlobalSection(ExtensibilityGlobals) = postSolution
		SolutionGuid = {18F362E4-55FF-4531-8A28-D8D6D77C624D}
	EndGlobalSection
EndGlobal
